
Microsoft Visual Studio Solution File, Format Version 12.00
# Visual Studio Version 17
VisualStudioVersion = 17.7.34009.444
MinimumVisualStudioVersion = 10.0.40219.1
Project("{FAE04EC0-301F-11D3-BF4B-00C04F79EFBC}") = "Entities", "Entities\Entities.csproj", "{0BF6CD20-319C-4033-9A93-DD383F1EABF7}"
EndProject
Project("{FAE04EC0-301F-11D3-BF4B-00C04F79EFBC}") = "DataAccess", "DataAccess\DataAccess.csproj", "{5B0E882C-5D79-432E-8F53-2B2981F98B0A}"
EndProject
Project("{FAE04EC0-301F-11D3-BF4B-00C04F79EFBC}") = "Console", "Console\Console.csproj", "{F6C29F6B-9CAC-42F3-B1B6-1643586AE054}"
EndProject
Project("{FAE04EC0-301F-11D3-BF4B-00C04F79EFBC}") = "Business", "Business\Business.csproj", "{84DD6C60-5D25-498F-8D39-E1DF602A5B45}"
EndProject
Global
	GlobalSection(SolutionConfigurationPlatforms) = preSolution
		Debug|Any CPU = Debug|Any CPU
		Release|Any CPU = Release|Any CPU
	EndGlobalSection
	GlobalSection(ProjectConfigurationPlatforms) = postSolution
		{0BF6CD20-319C-4033-9A93-DD383F1EABF7}.Debug|Any CPU.ActiveCfg = Debug|Any CPU
		{0BF6CD20-319C-4033-9A93-DD383F1EABF7}.Debug|Any CPU.Build.0 = Debug|Any CPU
		{0BF6CD20-319C-4033-9A93-DD383F1EABF7}.Release|Any CPU.ActiveCfg = Release|Any CPU
		{0BF6CD20-319C-4033-9A93-DD383F1EABF7}.Release|Any CPU.Build.0 = Release|Any CPU
		{5B0E882C-5D79-432E-8F53-2B2981F98B0A}.Debug|Any CPU.ActiveCfg = Debug|Any CPU
		{5B0E882C-5D79-432E-8F53-2B2981F98B0A}.Debug|Any CPU.Build.0 = Debug|Any CPU
		{5B0E882C-5D79-432E-8F53-2B2981F98B0A}.Release|Any CPU.ActiveCfg = Release|Any CPU
		{5B0E882C-5D79-432E-8F53-2B2981F98B0A}.Release|Any CPU.Build.0 = Release|Any CPU
		{F6C29F6B-9CAC-42F3-B1B6-1643586AE054}.Debug|Any CPU.ActiveCfg = Debug|Any CPU
		{F6C29F6B-9CAC-42F3-B1B6-1643586AE054}.Debug|Any CPU.Build.0 = Debug|Any CPU
		{F6C29F6B-9CAC-42F3-B1B6-1643586AE054}.Release|Any CPU.ActiveCfg = Release|Any CPU
		{F6C29F6B-9CAC-42F3-B1B6-1643586AE054}.Release|Any CPU.Build.0 = Release|Any CPU
		{84DD6C60-5D25-498F-8D39-E1DF602A5B45}.Debug|Any CPU.ActiveCfg = Debug|Any CPU
		{84DD6C60-5D25-498F-8D39-E1DF602A5B45}.Debug|Any CPU.Build.0 = Debug|Any CPU
		{84DD6C60-5D25-498F-8D39-E1DF602A5B45}.Release|Any CPU.ActiveCfg = Release|Any CPU
		{84DD6C60-5D25-498F-8D39-E1DF602A5B45}.Release|Any CPU.Build.0 = Release|Any CPU
	EndGlobalSection
	GlobalSection(SolutionProperties) = preSolution
		HideSolutionNode = FALSE
	EndGlobalSection
	GlobalSection(ExtensibilityGlobals) = postSolution
		SolutionGuid = {BC04A45C-71B2-4281-8D4C-A8FF7845D419}
	EndGlobalSection
EndGlobal
